
Microsoft Visual Studio Solution File, Format Version 12.00
# Visual Studio Version 16
VisualStudioVersion = 16.0.30523.141
MinimumVisualStudioVersion = 10.0.40219.1
Project("{8BC9CEB8-8B4A-11D0-8D11-00A0C91BC942}") = "6.2.2", "6.2.2\6.2.2.vcxproj", "{FB89FB36-AC8A-4F17-97E0-1914EF8C994A}"
EndProject
Global
	GlobalSection(SolutionConfigurationPlatforms) = preSolution
		Debug|x64 = Debug|x64
		Debug|x86 = Debug|x86
		Release|x64 = Release|x64
		Release|x86 = Release|x86
	EndGlobalSection
	GlobalSection(ProjectConfigurationPlatforms) = postSolution
		{FB89FB36-AC8A-4F17-97E0-1914EF8C994A}.Debug|x64.ActiveCfg = Debug|x64
		{FB89FB36-AC8A-4F17-97E0-1914EF8C994A}.Debug|x64.Build.0 = Debug|x64
		{FB89FB36-AC8A-4F17-97E0-1914EF8C994A}.Debug|x86.ActiveCfg = Debug|Win32
		{FB89FB36-AC8A-4F17-97E0-1914EF8C994A}.Debug|x86.Build.0 = Debug|Win32
		{FB89FB36-AC8A-4F17-97E0-1914EF8C994A}.Release|x64.ActiveCfg = Release|x64
		{FB89FB36-AC8A-4F17-97E0-1914EF8C994A}.Release|x64.Build.0 = Release|x64
		{FB89FB36-AC8A-4F17-97E0-1914EF8C994A}.Release|x86.ActiveCfg = Release|Win32
		{FB89FB36-AC8A-4F17-97E0-1914EF8C994A}.Release|x86.Build.0 = Release|Win32
	EndGlobalSection
	GlobalSection(SolutionProperties) = preSolution
		HideSolutionNode = FALSE
	EndGlobalSection
	GlobalSection(ExtensibilityGlobals) = postSolution
		SolutionGuid = {55B9F075-732C-4E5C-93A8-622B24837D8A}
	EndGlobalSection
EndGlobal
